// !$*UTF8*$!
{
	archiveVersion = 1;
	classes = {
	};
	objectVersion = 46;
	objects = {

/* Begin PBXBuildFile section */
		1050C6941C82B5500097568B /* CCNewsController.m in Sources */ = {isa = PBXBuildFile; fileRef = 1050C6931C82B5500097568B /* CCNewsController.m */; };
		1050C6971C82B6330097568B /* CCNewsCell.m in Sources */ = {isa = PBXBuildFile; fileRef = 1050C6961C82B6330097568B /* CCNewsCell.m */; };
		1050C69A1C82B6570097568B /* CCNewsModel.m in Sources */ = {isa = PBXBuildFile; fileRef = 1050C6991C82B6570097568B /* CCNewsModel.m */; };
		10AAA56D1C83CEBF00E078F1 /* CCImagesModel.m in Sources */ = {isa = PBXBuildFile; fileRef = 10AAA56C1C83CEBF00E078F1 /* CCImagesModel.m */; };
		10AAA5711C83EC1D00E078F1 /* NSObject+Log.m in Sources */ = {isa = PBXBuildFile; fileRef = 10AAA5701C83EC1D00E078F1 /* NSObject+Log.m */; };
		10AC36961C8063AB00F6C89E /* main.m in Sources */ = {isa = PBXBuildFile; fileRef = 10AC36951C8063AB00F6C89E /* main.m */; };
		10AC36991C8063AC00F6C89E /* AppDelegate.m in Sources */ = {isa = PBXBuildFile; fileRef = 10AC36981C8063AC00F6C89E /* AppDelegate.m */; };
		10AC36A11C8063AC00F6C89E /* Assets.xcassets in Resources */ = {isa = PBXBuildFile; fileRef = 10AC36A01C8063AC00F6C89E /* Assets.xcassets */; };
		10AC36A41C8063AC00F6C89E /* LaunchScreen.storyboard in Resources */ = {isa = PBXBuildFile; fileRef = 10AC36A21C8063AC00F6C89E /* LaunchScreen.storyboard */; };
		10E13BF01C8071C000496D7F /* News.storyboard in Resources */ = {isa = PBXBuildFile; fileRef = 10E13BEF1C8071C000496D7F /* News.storyboard */; };
		10E13BF31C80731B00496D7F /* CCHeadLineController.m in Sources */ = {isa = PBXBuildFile; fileRef = 10E13BF21C80731B00496D7F /* CCHeadLineController.m */; };
		10E13BF61C807FDF00496D7F /* CCHeadLineCell.m in Sources */ = {isa = PBXBuildFile; fileRef = 10E13BF51C807FDF00496D7F /* CCHeadLineCell.m */; };
		10E13BF91C80813E00496D7F /* CCHeadLineModel.m in Sources */ = {isa = PBXBuildFile; fileRef = 10E13BF81C80813E00496D7F /* CCHeadLineModel.m */; };
		10E13BFD1C80881400496D7F /* CCHTTPManager.m in Sources */ = {isa = PBXBuildFile; fileRef = 10E13BFC1C80881400496D7F /* CCHTTPManager.m */; };
		10E13C001C80894800496D7F /* CCApiManager.m in Sources */ = {isa = PBXBuildFile; fileRef = 10E13BFF1C80894800496D7F /* CCApiManager.m */; };
		93A673EE8E171A992DB1BF4B /* libPods.a in Frameworks */ = {isa = PBXBuildFile; fileRef = 4969E98706F8125BB6C14D38 /* libPods.a */; };
/* End PBXBuildFile section */

/* Begin PBXFileReference section */
		1050C6921C82B5500097568B /* CCNewsController.h */ = {isa = PBXFileReference; fileEncoding = 4; lastKnownFileType = sourcecode.c.h; path = CCNewsController.h; sourceTree = "<group>"; };
		1050C6931C82B5500097568B /* CCNewsController.m */ = {isa = PBXFileReference; fileEncoding = 4; lastKnownFileType = sourcecode.c.objc; path = CCNewsController.m; sourceTree = "<group>"; };
		1050C6951C82B6330097568B /* CCNewsCell.h */ = {isa = PBXFileReference; fileEncoding = 4; lastKnownFileType = sourcecode.c.h; name = CCNewsCell.h; path = ../Model/CCNewsCell.h; sourceTree = "<group>"; };
		1050C6961C82B6330097568B /* CCNewsCell.m */ = {isa = PBXFileReference; fileEncoding = 4; lastKnownFileType = sourcecode.c.objc; name = CCNewsCell.m; path = ../Model/CCNewsCell.m; sourceTree = "<group>"; };
		1050C6981C82B6570097568B /* CCNewsModel.h */ = {isa = PBXFileReference; fileEncoding = 4; lastKnownFileType = sourcecode.c.h; path = CCNewsModel.h; sourceTree = "<group>"; };
		1050C6991C82B6570097568B /* CCNewsModel.m */ = {isa = PBXFileReference; fileEncoding = 4; lastKnownFileType = sourcecode.c.objc; path = CCNewsModel.m; sourceTree = "<group>"; };
		10AAA56B1C83CEBF00E078F1 /* CCImagesModel.h */ = {isa = PBXFileReference; fileEncoding = 4; lastKnownFileType = sourcecode.c.h; path = CCImagesModel.h; sourceTree = "<group>"; };
		10AAA56C1C83CEBF00E078F1 /* CCImagesModel.m */ = {isa = PBXFileReference; fileEncoding = 4; lastKnownFileType = sourcecode.c.objc; path = CCImagesModel.m; sourceTree = "<group>"; };
		10AAA56F1C83EC1D00E078F1 /* NSObject+Log.h */ = {isa = PBXFileReference; fileEncoding = 4; lastKnownFileType = sourcecode.c.h; path = "NSObject+Log.h"; sourceTree = "<group>"; };
		10AAA5701C83EC1D00E078F1 /* NSObject+Log.m */ = {isa = PBXFileReference; fileEncoding = 4; lastKnownFileType = sourcecode.c.objc; path = "NSObject+Log.m"; sourceTree = "<group>"; };
		10AC36911C8063AB00F6C89E /* News.app */ = {isa = PBXFileReference; explicitFileType = wrapper.application; includeInIndex = 0; path = News.app; sourceTree = BUILT_PRODUCTS_DIR; };
		10AC36951C8063AB00F6C89E /* main.m */ = {isa = PBXFileReference; lastKnownFileType = sourcecode.c.objc; path = main.m; sourceTree = "<group>"; };
		10AC36971C8063AB00F6C89E /* AppDelegate.h */ = {isa = PBXFileReference; lastKnownFileType = sourcecode.c.h; path = AppDelegate.h; sourceTree = "<group>"; };
		10AC36981C8063AC00F6C89E /* AppDelegate.m */ = {isa = PBXFileReference; lastKnownFileType = sourcecode.c.objc; path = AppDelegate.m; sourceTree = "<group>"; };
		10AC36A01C8063AC00F6C89E /* Assets.xcassets */ = {isa = PBXFileReference; lastKnownFileType = folder.assetcatalog; path = Assets.xcassets; sourceTree = "<group>"; };
		10AC36A31C8063AC00F6C89E /* Base */ = {isa = PBXFileReference; lastKnownFileType = file.storyboard; name = Base; path = Base.lproj/LaunchScreen.storyboard; sourceTree = "<group>"; };
		10AC36A51C8063AC00F6C89E /* Info.plist */ = {isa = PBXFileReference; lastKnownFileType = text.plist.xml; path = Info.plist; sourceTree = "<group>"; };
		10E13BEF1C8071C000496D7F /* News.storyboard */ = {isa = PBXFileReference; fileEncoding = 4; lastKnownFileType = file.storyboard; path = News.storyboard; sourceTree = "<group>"; };
		10E13BF11C80731B00496D7F /* CCHeadLineController.h */ = {isa = PBXFileReference; fileEncoding = 4; lastKnownFileType = sourcecode.c.h; path = CCHeadLineController.h; sourceTree = "<group>"; };
		10E13BF21C80731B00496D7F /* CCHeadLineController.m */ = {isa = PBXFileReference; fileEncoding = 4; lastKnownFileType = sourcecode.c.objc; path = CCHeadLineController.m; sourceTree = "<group>"; };
		10E13BF41C807FDF00496D7F /* CCHeadLineCell.h */ = {isa = PBXFileReference; fileEncoding = 4; lastKnownFileType = sourcecode.c.h; path = CCHeadLineCell.h; sourceTree = "<group>"; };
		10E13BF51C807FDF00496D7F /* CCHeadLineCell.m */ = {isa = PBXFileReference; fileEncoding = 4; lastKnownFileType = sourcecode.c.objc; path = CCHeadLineCell.m; sourceTree = "<group>"; };
		10E13BF71C80813E00496D7F /* CCHeadLineModel.h */ = {isa = PBXFileReference; fileEncoding = 4; lastKnownFileType = sourcecode.c.h; path = CCHeadLineModel.h; sourceTree = "<group>"; };
		10E13BF81C80813E00496D7F /* CCHeadLineModel.m */ = {isa = PBXFileReference; fileEncoding = 4; lastKnownFileType = sourcecode.c.objc; path = CCHeadLineModel.m; sourceTree = "<group>"; };
		10E13BFB1C80881400496D7F /* CCHTTPManager.h */ = {isa = PBXFileReference; fileEncoding = 4; lastKnownFileType = sourcecode.c.h; path = CCHTTPManager.h; sourceTree = "<group>"; };
		10E13BFC1C80881400496D7F /* CCHTTPManager.m */ = {isa = PBXFileReference; fileEncoding = 4; lastKnownFileType = sourcecode.c.objc; path = CCHTTPManager.m; sourceTree = "<group>"; };
		10E13BFE1C80894800496D7F /* CCApiManager.h */ = {isa = PBXFileReference; fileEncoding = 4; lastKnownFileType = sourcecode.c.h; path = CCApiManager.h; sourceTree = "<group>"; };
		10E13BFF1C80894800496D7F /* CCApiManager.m */ = {isa = PBXFileReference; fileEncoding = 4; lastKnownFileType = sourcecode.c.objc; path = CCApiManager.m; sourceTree = "<group>"; };
		4969E98706F8125BB6C14D38 /* libPods.a */ = {isa = PBXFileReference; explicitFileType = archive.ar; includeInIndex = 0; path = libPods.a; sourceTree = BUILT_PRODUCTS_DIR; };
		7E43602296FE3206B31D0B0D /* Pods.release.xcconfig */ = {isa = PBXFileReference; includeInIndex = 1; lastKnownFileType = text.xcconfig; name = Pods.release.xcconfig; path = "Pods/Target Support Files/Pods/Pods.release.xcconfig"; sourceTree = "<group>"; };
		F4F929A9E94E9D1BCA663504 /* Pods.debug.xcconfig */ = {isa = PBXFileReference; includeInIndex = 1; lastKnownFileType = text.xcconfig; name = Pods.debug.xcconfig; path = "Pods/Target Support Files/Pods/Pods.debug.xcconfig"; sourceTree = "<group>"; };
/* End PBXFileReference section */

/* Begin PBXFrameworksBuildPhase section */
		10AC368E1C8063AB00F6C89E /* Frameworks */ = {
			isa = PBXFrameworksBuildPhase;
			buildActionMask = 2147483647;
			files = (
				93A673EE8E171A992DB1BF4B /* libPods.a in Frameworks */,
			);
			runOnlyForDeploymentPostprocessing = 0;
		};
/* End PBXFrameworksBuildPhase section */

/* Begin PBXGroup section */
		10AAA56E1C83EC1D00E078F1 /* Log */ = {
			isa = PBXGroup;
			children = (
				10AAA56F1C83EC1D00E078F1 /* NSObject+Log.h */,
				10AAA5701C83EC1D00E078F1 /* NSObject+Log.m */,
			);
			path = Log;
			sourceTree = "<group>";
		};
		10AC36881C8063AB00F6C89E = {
			isa = PBXGroup;
			children = (
				10AC36931C8063AB00F6C89E /* News */,
				10AC36921C8063AB00F6C89E /* Products */,
				8AFDFA1C593150A3912484C4 /* Pods */,
				67C589FB47CF237D41110E8F /* Frameworks */,
			);
			sourceTree = "<group>";
		};
		10AC36921C8063AB00F6C89E /* Products */ = {
			isa = PBXGroup;
			children = (
				10AC36911C8063AB00F6C89E /* News.app */,
			);
			name = Products;
			sourceTree = "<group>";
		};
		10AC36931C8063AB00F6C89E /* News */ = {
			isa = PBXGroup;
			children = (
				10E13BFA1C8087C900496D7F /* Tools */,
				10E13BEB1C80719F00496D7F /* News */,
				10AC36971C8063AB00F6C89E /* AppDelegate.h */,
				10AC36981C8063AC00F6C89E /* AppDelegate.m */,
				10AC36A01C8063AC00F6C89E /* Assets.xcassets */,
				10AC36A21C8063AC00F6C89E /* LaunchScreen.storyboard */,
				10AC36A51C8063AC00F6C89E /* Info.plist */,
				10AC36941C8063AB00F6C89E /* Supporting Files */,
			);
			path = News;
			sourceTree = "<group>";
		};
		10AC36941C8063AB00F6C89E /* Supporting Files */ = {
			isa = PBXGroup;
			children = (
				10AC36951C8063AB00F6C89E /* main.m */,
			);
			name = "Supporting Files";
			sourceTree = "<group>";
		};
		10E13BEB1C80719F00496D7F /* News */ = {
			isa = PBXGroup;
			children = (
				10E13BEC1C80719F00496D7F /* Controller */,
				10E13BED1C80719F00496D7F /* Model */,
				10E13BEE1C80719F00496D7F /* View */,
			);
			path = News;
			sourceTree = "<group>";
		};
		10E13BEC1C80719F00496D7F /* Controller */ = {
			isa = PBXGroup;
			children = (
				10E13BF11C80731B00496D7F /* CCHeadLineController.h */,
				10E13BF21C80731B00496D7F /* CCHeadLineController.m */,
				1050C6921C82B5500097568B /* CCNewsController.h */,
				1050C6931C82B5500097568B /* CCNewsController.m */,
			);
			path = Controller;
			sourceTree = "<group>";
		};
		10E13BED1C80719F00496D7F /* Model */ = {
			isa = PBXGroup;
			children = (
				10E13BF71C80813E00496D7F /* CCHeadLineModel.h */,
				10E13BF81C80813E00496D7F /* CCHeadLineModel.m */,
				1050C6981C82B6570097568B /* CCNewsModel.h */,
				1050C6991C82B6570097568B /* CCNewsModel.m */,
				10AAA56B1C83CEBF00E078F1 /* CCImagesModel.h */,
				10AAA56C1C83CEBF00E078F1 /* CCImagesModel.m */,
			);
			path = Model;
			sourceTree = "<group>";
		};
		10E13BEE1C80719F00496D7F /* View */ = {
			isa = PBXGroup;
			children = (
				10E13BEF1C8071C000496D7F /* News.storyboard */,
				10E13BF41C807FDF00496D7F /* CCHeadLineCell.h */,
				10E13BF51C807FDF00496D7F /* CCHeadLineCell.m */,
				1050C6951C82B6330097568B /* CCNewsCell.h */,
				1050C6961C82B6330097568B /* CCNewsCell.m */,
			);
			path = View;
			sourceTree = "<group>";
		};
		10E13BFA1C8087C900496D7F /* Tools */ = {
			isa = PBXGroup;
			children = (
				10AAA56E1C83EC1D00E078F1 /* Log */,
				10E13BFB1C80881400496D7F /* CCHTTPManager.h */,
				10E13BFC1C80881400496D7F /* CCHTTPManager.m */,
				10E13BFE1C80894800496D7F /* CCApiManager.h */,
				10E13BFF1C80894800496D7F /* CCApiManager.m */,
			);
			name = Tools;
			sourceTree = "<group>";
		};
		67C589FB47CF237D41110E8F /* Frameworks */ = {
			isa = PBXGroup;
			children = (
				4969E98706F8125BB6C14D38 /* libPods.a */,
			);
			name = Frameworks;
			sourceTree = "<group>";
		};
		8AFDFA1C593150A3912484C4 /* Pods */ = {
			isa = PBXGroup;
			children = (
				F4F929A9E94E9D1BCA663504 /* Pods.debug.xcconfig */,
				7E43602296FE3206B31D0B0D /* Pods.release.xcconfig */,
			);
			name = Pods;
			sourceTree = "<group>";
		};
/* End PBXGroup section */

/* Begin PBXNativeTarget section */
		10AC36901C8063AB00F6C89E /* News */ = {
			isa = PBXNativeTarget;
			buildConfigurationList = 10AC36A81C8063AC00F6C89E /* Build configuration list for PBXNativeTarget "News" */;
			buildPhases = (
				647494EE6B853F9D649C45BC /* Check Pods Manifest.lock */,
				10AC368D1C8063AB00F6C89E /* Sources */,
				10AC368E1C8063AB00F6C89E /* Frameworks */,
				10AC368F1C8063AB00F6C89E /* Resources */,
				E28BC37B309151A0FCA945C1 /* Embed Pods Frameworks */,
				158D8C2CD584C82DE300D5F6 /* Copy Pods Resources */,
			);
			buildRules = (
			);
			dependencies = (
			);
			name = News;
			productName = News;
			productReference = 10AC36911C8063AB00F6C89E /* News.app */;
			productType = "com.apple.product-type.application";
		};
/* End PBXNativeTarget section */

/* Begin PBXProject section */
		10AC36891C8063AB00F6C89E /* Project object */ = {
			isa = PBXProject;
			attributes = {
				CLASSPREFIX = CC;
				LastUpgradeCheck = 0720;
				ORGANIZATIONNAME = Cong;
				TargetAttributes = {
					10AC36901C8063AB00F6C89E = {
						CreatedOnToolsVersion = 7.2.1;
					};
				};
			};
			buildConfigurationList = 10AC368C1C8063AB00F6C89E /* Build configuration list for PBXProject "News" */;
			compatibilityVersion = "Xcode 3.2";
			developmentRegion = English;
			hasScannedForEncodings = 0;
			knownRegions = (
				en,
				Base,
			);
			mainGroup = 10AC36881C8063AB00F6C89E;
			productRefGroup = 10AC36921C8063AB00F6C89E /* Products */;
			projectDirPath = "";
			projectRoot = "";
			targets = (
				10AC36901C8063AB00F6C89E /* News */,
			);
		};
/* End PBXProject section */

/* Begin PBXResourcesBuildPhase section */
		10AC368F1C8063AB00F6C89E /* Resources */ = {
			isa = PBXResourcesBuildPhase;
			buildActionMask = 2147483647;
			files = (
				10AC36A41C8063AC00F6C89E /* LaunchScreen.storyboard in Resources */,
				10E13BF01C8071C000496D7F /* News.storyboard in Resources */,
				10AC36A11C8063AC00F6C89E /* Assets.xcassets in Resources */,
			);
			runOnlyForDeploymentPostprocessing = 0;
		};
/* End PBXResourcesBuildPhase section */

/* Begin PBXShellScriptBuildPhase section */
		158D8C2CD584C82DE300D5F6 /* Copy Pods Resources */ = {
			isa = PBXShellScriptBuildPhase;
			buildActionMask = 2147483647;
			files = (
			);
			inputPaths = (
			);
			name = "Copy Pods Resources";
			outputPaths = (
			);
			runOnlyForDeploymentPostprocessing = 0;
			shellPath = /bin/sh;
			shellScript = "\"${SRCROOT}/Pods/Target Support Files/Pods/Pods-resources.sh\"\n";
			showEnvVarsInLog = 0;
		};
		647494EE6B853F9D649C45BC /* Check Pods Manifest.lock */ = {
			isa = PBXShellScriptBuildPhase;
			buildActionMask = 2147483647;
			files = (
			);
			inputPaths = (
			);
			name = "Check Pods Manifest.lock";
			outputPaths = (
			);
			runOnlyForDeploymentPostprocessing = 0;
			shellPath = /bin/sh;
			shellScript = "diff \"${PODS_ROOT}/../Podfile.lock\" \"${PODS_ROOT}/Manifest.lock\" > /dev/null\nif [[ $? != 0 ]] ; then\n    cat << EOM\nerror: The sandbox is not in sync with the Podfile.lock. Run 'pod install' or update your CocoaPods installation.\nEOM\n    exit 1\nfi\n";
			showEnvVarsInLog = 0;
		};
		E28BC37B309151A0FCA945C1 /* Embed Pods Frameworks */ = {
			isa = PBXShellScriptBuildPhase;
			buildActionMask = 2147483647;
			files = (
			);
			inputPaths = (
			);
			name = "Embed Pods Frameworks";
			outputPaths = (
			);
			runOnlyForDeploymentPostprocessing = 0;
			shellPath = /bin/sh;
			shellScript = "\"${SRCROOT}/Pods/Target Support Files/Pods/Pods-frameworks.sh\"\n";
			showEnvVarsInLog = 0;
		};
/* End PBXShellScriptBuildPhase section */

/* Begin PBXSourcesBuildPhase section */
		10AC368D1C8063AB00F6C89E /* Sources */ = {
			isa = PBXSourcesBuildPhase;
			buildActionMask = 2147483647;
			files = (
				10AC36991C8063AC00F6C89E /* AppDelegate.m in Sources */,
				10AC36961C8063AB00F6C89E /* main.m in Sources */,
				10AAA5711C83EC1D00E078F1 /* NSObject+Log.m in Sources */,
				10E13C001C80894800496D7F /* CCApiManager.m in Sources */,
				10AAA56D1C83CEBF00E078F1 /* CCImagesModel.m in Sources */,
				10E13BF31C80731B00496D7F /* CCHeadLineController.m in Sources */,
				1050C69A1C82B6570097568B /* CCNewsModel.m in Sources */,
				1050C6971C82B6330097568B /* CCNewsCell.m in Sources */,
				1050C6941C82B5500097568B /* CCNewsController.m in Sources */,
				10E13BFD1C80881400496D7F /* CCHTTPManager.m in Sources */,
				10E13BF91C80813E00496D7F /* CCHeadLineModel.m in Sources */,
				10E13BF61C807FDF00496D7F /* CCHeadLineCell.m in Sources */,
			);
			runOnlyForDeploymentPostprocessing = 0;
		};
/* End PBXSourcesBuildPhase section */

/* Begin PBXVariantGroup section */
		10AC36A21C8063AC00F6C89E /* LaunchScreen.storyboard */ = {
			isa = PBXVariantGroup;
			children = (
				10AC36A31C8063AC00F6C89E /* Base */,
			);
			name = LaunchScreen.storyboard;
			sourceTree = "<group>";
		};
/* End PBXVariantGroup section */

/* Begin XCBuildConfiguration section */
		10AC36A61C8063AC00F6C89E /* Debug */ = {
			isa = XCBuildConfiguration;
			buildSettings = {
				ALWAYS_SEARCH_USER_PATHS = NO;
				CLANG_CXX_LANGUAGE_STANDARD = "gnu++0x";
				CLANG_CXX_LIBRARY = "libc++";
				CLANG_ENABLE_MODULES = YES;
				CLANG_ENABLE_OBJC_ARC = YES;
				CLANG_WARN_BOOL_CONVERSION = YES;
				CLANG_WARN_CONSTANT_CONVERSION = YES;
				CLANG_WARN_DIRECT_OBJC_ISA_USAGE = YES_ERROR;
				CLANG_WARN_EMPTY_BODY = YES;
				CLANG_WARN_ENUM_CONVERSION = YES;
				CLANG_WARN_INT_CONVERSION = YES;
				CLANG_WARN_OBJC_ROOT_CLASS = YES_ERROR;
				CLANG_WARN_UNREACHABLE_CODE = YES;
				CLANG_WARN__DUPLICATE_METHOD_MATCH = YES;
				"CODE_SIGN_IDENTITY[sdk=iphoneos*]" = "iPhone Developer";
				COPY_PHASE_STRIP = NO;
				DEBUG_INFORMATION_FORMAT = dwarf;
				ENABLE_STRICT_OBJC_MSGSEND = YES;
				ENABLE_TESTABILITY = YES;
				GCC_C_LANGUAGE_STANDARD = gnu99;
				GCC_DYNAMIC_NO_PIC = NO;
				GCC_NO_COMMON_BLOCKS = YES;
				GCC_OPTIMIZATION_LEVEL = 0;
				GCC_PREPROCESSOR_DEFINITIONS = (
					"DEBUG=1",
					"$(inherited)",
				);
				GCC_WARN_64_TO_32_BIT_CONVERSION = YES;
				GCC_WARN_ABOUT_RETURN_TYPE = YES_ERROR;
				GCC_WARN_UNDECLARED_SELECTOR = YES;
				GCC_WARN_UNINITIALIZED_AUTOS = YES_AGGRESSIVE;
				GCC_WARN_UNUSED_FUNCTION = YES;
				GCC_WARN_UNUSED_VARIABLE = YES;
				IPHONEOS_DEPLOYMENT_TARGET = 9.2;
				MTL_ENABLE_DEBUG_INFO = YES;
				ONLY_ACTIVE_ARCH = YES;
				RUN_CLANG_STATIC_ANALYZER = NO;
				SDKROOT = iphoneos;
			};
			name = Debug;
		};
		10AC36A71C8063AC00F6C89E /* Release */ = {
			isa = XCBuildConfiguration;
			buildSettings = {
				ALWAYS_SEARCH_USER_PATHS = NO;
				CLANG_CXX_LANGUAGE_STANDARD = "gnu++0x";
				CLANG_CXX_LIBRARY = "libc++";
				CLANG_ENABLE_MODULES = YES;
				CLANG_ENABLE_OBJC_ARC = YES;
				CLANG_WARN_BOOL_CONVERSION = YES;
				CLANG_WARN_CONSTANT_CONVERSION = YES;
				CLANG_WARN_DIRECT_OBJC_ISA_USAGE = YES_ERROR;
				CLANG_WARN_EMPTY_BODY = YES;
				CLANG_WARN_ENUM_CONVERSION = YES;
				CLANG_WARN_INT_CONVERSION = YES;
				CLANG_WARN_OBJC_ROOT_CLASS = YES_ERROR;
				CLANG_WARN_UNREACHABLE_CODE = YES;
				CLANG_WARN__DUPLICATE_METHOD_MATCH = YES;
				"CODE_SIGN_IDENTITY[sdk=iphoneos*]" = "iPhone Developer";
				COPY_PHASE_STRIP = NO;
				DEBUG_INFORMATION_FORMAT = "dwarf-with-dsym";
				ENABLE_NS_ASSERTIONS = NO;
				ENABLE_STRICT_OBJC_MSGSEND = YES;
				GCC_C_LANGUAGE_STANDARD = gnu99;
				GCC_NO_COMMON_BLOCKS = YES;
				GCC_WARN_64_TO_32_BIT_CONVERSION = YES;
				GCC_WARN_ABOUT_RETURN_TYPE = YES_ERROR;
				GCC_WARN_UNDECLARED_SELECTOR = YES;
				GCC_WARN_UNINITIALIZED_AUTOS = YES_AGGRESSIVE;
				GCC_WARN_UNUSED_FUNCTION = YES;
				GCC_WARN_UNUSED_VARIABLE = YES;
				IPHONEOS_DEPLOYMENT_TARGET = 9.2;
				MTL_ENABLE_DEBUG_INFO = NO;
				RUN_CLANG_STATIC_ANALYZER = NO;
				SDKROOT = iphoneos;
				VALIDATE_PRODUCT = YES;
			};
			name = Release;
		};
		10AC36A91C8063AC00F6C89E /* Debug */ = {
			isa = XCBuildConfiguration;
			baseConfigurationReference = F4F929A9E94E9D1BCA663504 /* Pods.debug.xcconfig */;
			buildSettings = {
				ASSETCATALOG_COMPILER_APPICON_NAME = AppIcon;
				INFOPLIST_FILE = News/Info.plist;
				LD_RUNPATH_SEARCH_PATHS = "$(inherited) @executable_path/Frameworks";
				PRODUCT_BUNDLE_IDENTIFIER = cn.itcast.News;
				PRODUCT_NAME = "$(TARGET_NAME)";
			};
			name = Debug;
		};
		10AC36AA1C8063AC00F6C89E /* Release */ = {
			isa = XCBuildConfiguration;
			baseConfigurationReference = 7E43602296FE3206B31D0B0D /* Pods.release.xcconfig */;
			buildSettings = {
				ASSETCATALOG_COMPILER_APPICON_NAME = AppIcon;
				INFOPLIST_FILE = News/Info.plist;
				LD_RUNPATH_SEARCH_PATHS = "$(inherited) @executable_path/Frameworks";
				PRODUCT_BUNDLE_IDENTIFIER = cn.itcast.News;
				PRODUCT_NAME = "$(TARGET_NAME)";
			};
			name = Release;
		};
/* End XCBuildConfiguration section */

/* Begin XCConfigurationList section */
		10AC368C1C8063AB00F6C89E /* Build configuration list for PBXProject "News" */ = {
			isa = XCConfigurationList;
			buildConfigurations = (
				10AC36A61C8063AC00F6C89E /* Debug */,
				10AC36A71C8063AC00F6C89E /* Release */,
			);
			defaultConfigurationIsVisible = 0;
			defaultConfigurationName = Release;
		};
		10AC36A81C8063AC00F6C89E /* Build configuration list for PBXNativeTarget "News" */ = {
			isa = XCConfigurationList;
			buildConfigurations = (
				10AC36A91C8063AC00F6C89E /* Debug */,
				10AC36AA1C8063AC00F6C89E /* Release */,
			);
			defaultConfigurationIsVisible = 0;
			defaultConfigurationName = Release;
		};
/* End XCConfigurationList section */
	};
	rootObject = 10AC36891C8063AB00F6C89E /* Project object */;
}
